
Microsoft Visual Studio Solution File, Format Version 12.00
# Visual Studio Version 17
VisualStudioVersion = 17.9.34902.65
MinimumVisualStudioVersion = 10.0.40219.1
Project("{FAE04EC0-301F-11D3-BF4B-00C04F79EFBC}") = "Wsc2023Day2Paper1Api", "Wsc2023Day2Paper1Api\Wsc2023Day2Paper1Api.csproj", "{360657F3-804F-4732-87BD-3648C5CFFAF4}"
EndProject
Global
	GlobalSection(SolutionConfigurationPlatforms) = preSolution
		Debug|Any CPU = Debug|Any CPU
		Release|Any CPU = Release|Any CPU
	EndGlobalSection
	GlobalSection(ProjectConfigurationPlatforms) = postSolution
		{360657F3-804F-4732-87BD-3648C5CFFAF4}.Debug|Any CPU.ActiveCfg = Debug|Any CPU
		{360657F3-804F-4732-87BD-3648C5CFFAF4}.Debug|Any CPU.Build.0 = Debug|Any CPU
		{360657F3-804F-4732-87BD-3648C5CFFAF4}.Release|Any CPU.ActiveCfg = Release|Any CPU
		{360657F3-804F-4732-87BD-3648C5CFFAF4}.Release|Any CPU.Build.0 = Release|Any CPU
	EndGlobalSection
	GlobalSection(SolutionProperties) = preSolution
		HideSolutionNode = FALSE
	EndGlobalSection
	GlobalSection(ExtensibilityGlobals) = postSolution
		SolutionGuid = {403FDC81-FD8C-4B43-AAF2-28F1B217DE65}
	EndGlobalSection
EndGlobal
